
Microsoft Visual Studio Solution File, Format Version 12.00
# Visual Studio 15
VisualStudioVersion = 15.0.27703.2042
MinimumVisualStudioVersion = 10.0.40219.1
Project("{FAE04EC0-301F-11D3-BF4B-00C04F79EFBC}") = "DotNetCoreUtil", "DotNetCoreUtil\IPA-DN-DotNetCoreUtil.csproj", "{4F452CF9-6F7E-4492-84D8-56EE7D52B3DE}"
EndProject
Project("{FAE04EC0-301F-11D3-BF4B-00C04F79EFBC}") = "DotNetCoreUtilTestApp", "DotNetCoreUtilTestApp\DotNetCoreUtilTestApp.csproj", "{F441FA5E-4B2C-43B3-943B-A925A680D94C}"
EndProject
Global
	GlobalSection(SolutionConfigurationPlatforms) = preSolution
		Debug|Any CPU = Debug|Any CPU
		Release|Any CPU = Release|Any CPU
	EndGlobalSection
	GlobalSection(ProjectConfigurationPlatforms) = postSolution
		{4F452CF9-6F7E-4492-84D8-56EE7D52B3DE}.Debug|Any CPU.ActiveCfg = Debug|Any CPU
		{4F452CF9-6F7E-4492-84D8-56EE7D52B3DE}.Debug|Any CPU.Build.0 = Debug|Any CPU
		{4F452CF9-6F7E-4492-84D8-56EE7D52B3DE}.Release|Any CPU.ActiveCfg = Release|Any CPU
		{4F452CF9-6F7E-4492-84D8-56EE7D52B3DE}.Release|Any CPU.Build.0 = Release|Any CPU
		{F441FA5E-4B2C-43B3-943B-A925A680D94C}.Debug|Any CPU.ActiveCfg = Debug|Any CPU
		{F441FA5E-4B2C-43B3-943B-A925A680D94C}.Debug|Any CPU.Build.0 = Debug|Any CPU
		{F441FA5E-4B2C-43B3-943B-A925A680D94C}.Release|Any CPU.ActiveCfg = Release|Any CPU
		{F441FA5E-4B2C-43B3-943B-A925A680D94C}.Release|Any CPU.Build.0 = Release|Any CPU
	EndGlobalSection
	GlobalSection(SolutionProperties) = preSolution
		HideSolutionNode = FALSE
	EndGlobalSection
	GlobalSection(ExtensibilityGlobals) = postSolution
		SolutionGuid = {A16B8A76-5414-4D51-A55F-8FDE67D98CEA}
	EndGlobalSection
EndGlobal
